
Microsoft Visual Studio Solution File, Format Version 12.00
# Visual Studio Version 17
VisualStudioVersion = 17.4.33205.214
MinimumVisualStudioVersion = 10.0.40219.1
Project("{FAE04EC0-301F-11D3-BF4B-00C04F79EFBC}") = "cyberpunk2077-character-creator", "cyberpunk2077-character-creator.csproj", "{DC475FD5-4D1F-4005-882E-077D44E52941}"
EndProject
Global
	GlobalSection(SolutionConfigurationPlatforms) = preSolution
		Debug|Any CPU = Debug|Any CPU
		Release|Any CPU = Release|Any CPU
	EndGlobalSection
	GlobalSection(ProjectConfigurationPlatforms) = postSolution
		{DC475FD5-4D1F-4005-882E-077D44E52941}.Debug|Any CPU.ActiveCfg = Debug|Any CPU
		{DC475FD5-4D1F-4005-882E-077D44E52941}.Debug|Any CPU.Build.0 = Debug|Any CPU
		{DC475FD5-4D1F-4005-882E-077D44E52941}.Release|Any CPU.ActiveCfg = Release|Any CPU
		{DC475FD5-4D1F-4005-882E-077D44E52941}.Release|Any CPU.Build.0 = Release|Any CPU
	EndGlobalSection
	GlobalSection(SolutionProperties) = preSolution
		HideSolutionNode = FALSE
	EndGlobalSection
	GlobalSection(ExtensibilityGlobals) = postSolution
		SolutionGuid = {773647F9-79EE-4BD0-9E21-FE8CC48689B2}
	EndGlobalSection
EndGlobal
